
Microsoft Visual Studio Solution File, Format Version 12.00
# Visual Studio Version 17
VisualStudioVersion = 17.4.33103.184
MinimumVisualStudioVersion = 10.0.40219.1
Project("{9A19103F-16F7-4668-BE54-9A1E7A4F7556}") = "PlatformX.Startup", "PlatformX.Startup\PlatformX.Startup.csproj", "{85411D3B-3EF9-4AE8-BB57-D3FECB9524E8}"
EndProject
Project("{9A19103F-16F7-4668-BE54-9A1E7A4F7556}") = "PlatformX.Startup.Tests", "PlatformX.Startup.Tests\PlatformX.Startup.Tests.csproj", "{63C420D8-046B-4FED-88A1-9E753761C210}"
EndProject
Global
	GlobalSection(SolutionConfigurationPlatforms) = preSolution
		Debug|Any CPU = Debug|Any CPU
		Release|Any CPU = Release|Any CPU
	EndGlobalSection
	GlobalSection(ProjectConfigurationPlatforms) = postSolution
		{85411D3B-3EF9-4AE8-BB57-D3FECB9524E8}.Debug|Any CPU.ActiveCfg = Debug|Any CPU
		{85411D3B-3EF9-4AE8-BB57-D3FECB9524E8}.Debug|Any CPU.Build.0 = Debug|Any CPU
		{85411D3B-3EF9-4AE8-BB57-D3FECB9524E8}.Release|Any CPU.ActiveCfg = Release|Any CPU
		{85411D3B-3EF9-4AE8-BB57-D3FECB9524E8}.Release|Any CPU.Build.0 = Release|Any CPU
		{63C420D8-046B-4FED-88A1-9E753761C210}.Debug|Any CPU.ActiveCfg = Debug|Any CPU
		{63C420D8-046B-4FED-88A1-9E753761C210}.Debug|Any CPU.Build.0 = Debug|Any CPU
		{63C420D8-046B-4FED-88A1-9E753761C210}.Release|Any CPU.ActiveCfg = Release|Any CPU
		{63C420D8-046B-4FED-88A1-9E753761C210}.Release|Any CPU.Build.0 = Release|Any CPU
	EndGlobalSection
	GlobalSection(SolutionProperties) = preSolution
		HideSolutionNode = FALSE
	EndGlobalSection
	GlobalSection(ExtensibilityGlobals) = postSolution
		SolutionGuid = {CDE54CCD-8792-430C-9188-AE656C5B8762}
	EndGlobalSection
EndGlobal
